
Microsoft Visual Studio Solution File, Format Version 12.00
# Visual Studio 14
VisualStudioVersion = 14.0.25420.1
MinimumVisualStudioVersion = 10.0.40219.1
Project("{FAE04EC0-301F-11D3-BF4B-00C04F79EFBC}") = "TestServer", "TestServer\TestServer.csproj", "{03D7D852-EAAF-40F3-9B46-2C0BB4BA6428}"
EndProject
Global
	GlobalSection(SolutionConfigurationPlatforms) = preSolution
		Debug|Any CPU = Debug|Any CPU
		Release|Any CPU = Release|Any CPU
	EndGlobalSection
	GlobalSection(ProjectConfigurationPlatforms) = postSolution
		{03D7D852-EAAF-40F3-9B46-2C0BB4BA6428}.Debug|Any CPU.ActiveCfg = Debug|Any CPU
		{03D7D852-EAAF-40F3-9B46-2C0BB4BA6428}.Debug|Any CPU.Build.0 = Debug|Any CPU
		{03D7D852-EAAF-40F3-9B46-2C0BB4BA6428}.Release|Any CPU.ActiveCfg = Release|Any CPU
		{03D7D852-EAAF-40F3-9B46-2C0BB4BA6428}.Release|Any CPU.Build.0 = Release|Any CPU
	EndGlobalSection
	GlobalSection(SolutionProperties) = preSolution
		HideSolutionNode = FALSE
	EndGlobalSection
EndGlobal
